
Microsoft Visual Studio Solution File, Format Version 12.00
# Visual Studio 2012
Project("{F2A71F9B-5D33-465A-A702-920D77279786}") = "MatlabTypeProvider", "MatlabTypeProvider\MatlabTypeProvider.fsproj", "{23FC6DC2-EEC7-4501-9546-1C285726E1AD}"
EndProject
Global
	GlobalSection(SolutionConfigurationPlatforms) = preSolution
		Debug|Any CPU = Debug|Any CPU
		Release|Any CPU = Release|Any CPU
	EndGlobalSection
	GlobalSection(ProjectConfigurationPlatforms) = postSolution
		{23FC6DC2-EEC7-4501-9546-1C285726E1AD}.Debug|Any CPU.ActiveCfg = Debug|Any CPU
		{23FC6DC2-EEC7-4501-9546-1C285726E1AD}.Debug|Any CPU.Build.0 = Debug|Any CPU
		{23FC6DC2-EEC7-4501-9546-1C285726E1AD}.Release|Any CPU.ActiveCfg = Release|Any CPU
		{23FC6DC2-EEC7-4501-9546-1C285726E1AD}.Release|Any CPU.Build.0 = Release|Any CPU
	EndGlobalSection
	GlobalSection(SolutionProperties) = preSolution
		HideSolutionNode = FALSE
	EndGlobalSection
EndGlobal
